// !$*UTF8*$!
{
	archiveVersion = 1;
	classes = {
	};
	objectVersion = 46;
	objects = {

/* Begin PBXBuildFile section */
		3E0480EF152ED7E500635F1F /* Site_Lighter.xcdatamodeld in Sources */ = {isa = PBXBuildFile; fileRef = 3E0480EC152ED7E500635F1F /* Site_Lighter.xcdatamodeld */; };
		3E0D6F4915542F040039551B /* SLMainViewController.m in Sources */ = {isa = PBXBuildFile; fileRef = 3E0D6F4815542F040039551B /* SLMainViewController.m */; };
		3E32A3EE152EDA74003890C9 /* SLSite.m in Sources */ = {isa = PBXBuildFile; fileRef = 3E32A3ED152EDA74003890C9 /* SLSite.m */; };
		3E32A3F7152EE0D9003890C9 /* Green Ball.tiff in Resources */ = {isa = PBXBuildFile; fileRef = 3E32A3F6152EE0D9003890C9 /* Green Ball.tiff */; };
		3E32A3F9152EE0E6003890C9 /* Linkback Green.tiff in Resources */ = {isa = PBXBuildFile; fileRef = 3E32A3F8152EE0E6003890C9 /* Linkback Green.tiff */; };
		3E32A3FB152EE0F5003890C9 /* plus-8.png in Resources */ = {isa = PBXBuildFile; fileRef = 3E32A3FA152EE0F5003890C9 /* plus-8.png */; };
		3E32A3FD152EE0FC003890C9 /* minus-8.png in Resources */ = {isa = PBXBuildFile; fileRef = 3E32A3FC152EE0FC003890C9 /* minus-8.png */; };
		3E32A3FF152EE12D003890C9 /* LinkBack.tiff in Resources */ = {isa = PBXBuildFile; fileRef = 3E32A3FE152EE12D003890C9 /* LinkBack.tiff */; };
		3E32A405152EE1DD003890C9 /* Play.tiff in Resources */ = {isa = PBXBuildFile; fileRef = 3E32A404152EE1DD003890C9 /* Play.tiff */; };
		3E8B04FC150CF04B00E8EDFE /* Cocoa.framework in Frameworks */ = {isa = PBXBuildFile; fileRef = 3E8B04FB150CF04B00E8EDFE /* Cocoa.framework */; };
		3E8B0506150CF04B00E8EDFE /* InfoPlist.strings in Resources */ = {isa = PBXBuildFile; fileRef = 3E8B0504150CF04B00E8EDFE /* InfoPlist.strings */; };
		3E8B0508150CF04B00E8EDFE /* main.m in Sources */ = {isa = PBXBuildFile; fileRef = 3E8B0507150CF04B00E8EDFE /* main.m */; };
		3E8B050C150CF04B00E8EDFE /* Credits.rtf in Resources */ = {isa = PBXBuildFile; fileRef = 3E8B050A150CF04B00E8EDFE /* Credits.rtf */; };
		3E8B050F150CF04B00E8EDFE /* AppDelegate.m in Sources */ = {isa = PBXBuildFile; fileRef = 3E8B050E150CF04B00E8EDFE /* AppDelegate.m */; };
		3E8B0512150CF04B00E8EDFE /* MainMenu.xib in Resources */ = {isa = PBXBuildFile; fileRef = 3E8B0510150CF04B00E8EDFE /* MainMenu.xib */; };
		3E8B051C150CF08C00E8EDFE /* TODO.txt in Resources */ = {isa = PBXBuildFile; fileRef = 3E8B051B150CF08C00E8EDFE /* TODO.txt */; };
		3EB3A19F1556993E009D41A6 /* sitelighterlib.rb in Resources */ = {isa = PBXBuildFile; fileRef = 3EB3A19E1556993E009D41A6 /* sitelighterlib.rb */; };
		3EB3A1A1155699AC009D41A6 /* plugins in Resources */ = {isa = PBXBuildFile; fileRef = 3EB3A1A0155699AC009D41A6 /* plugins */; };
		3EB3A1A315569B3D009D41A6 /* sitelighterlibwrapper.rb in Resources */ = {isa = PBXBuildFile; fileRef = 3EB3A1A215569B3D009D41A6 /* sitelighterlibwrapper.rb */; };
		3EB3A1A91556CB4F009D41A6 /* ftp_sync.rb in Resources */ = {isa = PBXBuildFile; fileRef = 3EB3A1A81556CB4F009D41A6 /* ftp_sync.rb */; };
		3EB3A1B815571581009D41A6 /* Preferences.xib in Resources */ = {isa = PBXBuildFile; fileRef = 3EB3A1B515571580009D41A6 /* Preferences.xib */; };
		3EB3A1B915571581009D41A6 /* PreferencesController.m in Sources */ = {isa = PBXBuildFile; fileRef = 3EB3A1B715571581009D41A6 /* PreferencesController.m */; };
		3EB3A1CC1557357C009D41A6 /* WebKit.framework in Frameworks */ = {isa = PBXBuildFile; fileRef = 3EB3A1CB1557357C009D41A6 /* WebKit.framework */; };
		3EB3A1CF15573AC2009D41A6 /* WebToPng.m in Sources */ = {isa = PBXBuildFile; fileRef = 3EB3A1CE15573AC2009D41A6 /* WebToPng.m */; };
		3EFEA36A152EE72800F85DD9 /* sitelighter.icns in Resources */ = {isa = PBXBuildFile; fileRef = 3EFEA369152EE72800F85DD9 /* sitelighter.icns */; };
/* End PBXBuildFile section */

/* Begin PBXCopyFilesBuildPhase section */
		3EC6165E1555868000957FD9 /* CopyFiles */ = {
			isa = PBXCopyFilesBuildPhase;
			buildActionMask = 2147483647;
			dstPath = "";
			dstSubfolderSpec = 10;
			files = (
			);
			runOnlyForDeploymentPostprocessing = 0;
		};
/* End PBXCopyFilesBuildPhase section */

/* Begin PBXFileReference section */
		3E0480ED152ED7E500635F1F /* Site_Lighter 2.xcdatamodel */ = {isa = PBXFileReference; lastKnownFileType = wrapper.xcdatamodel; path = "Site_Lighter 2.xcdatamodel"; sourceTree = "<group>"; };
		3E0480EE152ED7E500635F1F /* Site_Lighter.xcdatamodel */ = {isa = PBXFileReference; lastKnownFileType = wrapper.xcdatamodel; path = Site_Lighter.xcdatamodel; sourceTree = "<group>"; };
		3E0D6F4715542F040039551B /* SLMainViewController.h */ = {isa = PBXFileReference; fileEncoding = 4; lastKnownFileType = sourcecode.c.h; path = SLMainViewController.h; sourceTree = "<group>"; };
		3E0D6F4815542F040039551B /* SLMainViewController.m */ = {isa = PBXFileReference; fileEncoding = 4; lastKnownFileType = sourcecode.c.objc; path = SLMainViewController.m; sourceTree = "<group>"; };
		3E32A3EC152EDA74003890C9 /* SLSite.h */ = {isa = PBXFileReference; fileEncoding = 4; lastKnownFileType = sourcecode.c.h; path = SLSite.h; sourceTree = "<group>"; };
		3E32A3ED152EDA74003890C9 /* SLSite.m */ = {isa = PBXFileReference; fileEncoding = 4; lastKnownFileType = sourcecode.c.objc; path = SLSite.m; sourceTree = "<group>"; };
		3E32A3F6152EE0D9003890C9 /* Green Ball.tiff */ = {isa = PBXFileReference; lastKnownFileType = image.tiff; path = "Green Ball.tiff"; sourceTree = "<group>"; };
		3E32A3F8152EE0E6003890C9 /* Linkback Green.tiff */ = {isa = PBXFileReference; lastKnownFileType = image.tiff; path = "Linkback Green.tiff"; sourceTree = "<group>"; };
		3E32A3FA152EE0F5003890C9 /* plus-8.png */ = {isa = PBXFileReference; lastKnownFileType = image.png; path = "plus-8.png"; sourceTree = "<group>"; };
		3E32A3FC152EE0FC003890C9 /* minus-8.png */ = {isa = PBXFileReference; lastKnownFileType = image.png; path = "minus-8.png"; sourceTree = "<group>"; };
		3E32A3FE152EE12D003890C9 /* LinkBack.tiff */ = {isa = PBXFileReference; lastKnownFileType = image.tiff; path = LinkBack.tiff; sourceTree = "<group>"; };
		3E32A404152EE1DD003890C9 /* Play.tiff */ = {isa = PBXFileReference; lastKnownFileType = image.tiff; path = Play.tiff; sourceTree = "<group>"; };
		3E8B04F7150CF04B00E8EDFE /* Site Lighter.app */ = {isa = PBXFileReference; explicitFileType = wrapper.application; includeInIndex = 0; path = "Site Lighter.app"; sourceTree = BUILT_PRODUCTS_DIR; };
		3E8B04FB150CF04B00E8EDFE /* Cocoa.framework */ = {isa = PBXFileReference; lastKnownFileType = wrapper.framework; name = Cocoa.framework; path = System/Library/Frameworks/Cocoa.framework; sourceTree = SDKROOT; };
		3E8B04FE150CF04B00E8EDFE /* AppKit.framework */ = {isa = PBXFileReference; lastKnownFileType = wrapper.framework; name = AppKit.framework; path = System/Library/Frameworks/AppKit.framework; sourceTree = SDKROOT; };
		3E8B04FF150CF04B00E8EDFE /* CoreData.framework */ = {isa = PBXFileReference; lastKnownFileType = wrapper.framework; name = CoreData.framework; path = System/Library/Frameworks/CoreData.framework; sourceTree = SDKROOT; };
		3E8B0500150CF04B00E8EDFE /* Foundation.framework */ = {isa = PBXFileReference; lastKnownFileType = wrapper.framework; name = Foundation.framework; path = System/Library/Frameworks/Foundation.framework; sourceTree = SDKROOT; };
		3E8B0503150CF04B00E8EDFE /* Site Lighter-Info.plist */ = {isa = PBXFileReference; lastKnownFileType = text.plist.xml; path = "Site Lighter-Info.plist"; sourceTree = "<group>"; };
		3E8B0505150CF04B00E8EDFE /* en */ = {isa = PBXFileReference; lastKnownFileType = text.plist.strings; name = en; path = en.lproj/InfoPlist.strings; sourceTree = "<group>"; };
		3E8B0507150CF04B00E8EDFE /* main.m */ = {isa = PBXFileReference; lastKnownFileType = sourcecode.c.objc; path = main.m; sourceTree = "<group>"; };
		3E8B0509150CF04B00E8EDFE /* Site Lighter-Prefix.pch */ = {isa = PBXFileReference; lastKnownFileType = sourcecode.c.h; path = "Site Lighter-Prefix.pch"; sourceTree = "<group>"; };
		3E8B050B150CF04B00E8EDFE /* en */ = {isa = PBXFileReference; lastKnownFileType = text.rtf; name = en; path = en.lproj/Credits.rtf; sourceTree = "<group>"; };
		3E8B050D150CF04B00E8EDFE /* AppDelegate.h */ = {isa = PBXFileReference; lastKnownFileType = sourcecode.c.h; path = AppDelegate.h; sourceTree = "<group>"; };
		3E8B050E150CF04B00E8EDFE /* AppDelegate.m */ = {isa = PBXFileReference; lastKnownFileType = sourcecode.c.objc; path = AppDelegate.m; sourceTree = "<group>"; };
		3E8B0511150CF04B00E8EDFE /* en */ = {isa = PBXFileReference; lastKnownFileType = file.xib; name = en; path = en.lproj/MainMenu.xib; sourceTree = "<group>"; };
		3E8B051B150CF08C00E8EDFE /* TODO.txt */ = {isa = PBXFileReference; fileEncoding = 4; lastKnownFileType = text; path = TODO.txt; sourceTree = "<group>"; };
		3EB3A19E1556993E009D41A6 /* sitelighterlib.rb */ = {isa = PBXFileReference; fileEncoding = 4; lastKnownFileType = text.script.ruby; path = sitelighterlib.rb; sourceTree = "<group>"; };
		3EB3A1A0155699AC009D41A6 /* plugins */ = {isa = PBXFileReference; lastKnownFileType = folder; path = plugins; sourceTree = "<group>"; };
		3EB3A1A215569B3D009D41A6 /* sitelighterlibwrapper.rb */ = {isa = PBXFileReference; fileEncoding = 4; lastKnownFileType = text.script.ruby; path = sitelighterlibwrapper.rb; sourceTree = "<group>"; };
		3EB3A1A81556CB4F009D41A6 /* ftp_sync.rb */ = {isa = PBXFileReference; fileEncoding = 4; lastKnownFileType = text.script.ruby; path = ftp_sync.rb; sourceTree = "<group>"; };
		3EB3A1B515571580009D41A6 /* Preferences.xib */ = {isa = PBXFileReference; fileEncoding = 4; lastKnownFileType = file.xib; path = Preferences.xib; sourceTree = "<group>"; };
		3EB3A1B615571580009D41A6 /* PreferencesController.h */ = {isa = PBXFileReference; fileEncoding = 4; lastKnownFileType = sourcecode.c.h; path = PreferencesController.h; sourceTree = "<group>"; };
		3EB3A1B715571581009D41A6 /* PreferencesController.m */ = {isa = PBXFileReference; fileEncoding = 4; lastKnownFileType = sourcecode.c.objc; path = PreferencesController.m; sourceTree = "<group>"; };
		3EB3A1CB1557357C009D41A6 /* WebKit.framework */ = {isa = PBXFileReference; lastKnownFileType = wrapper.framework; name = WebKit.framework; path = System/Library/Frameworks/WebKit.framework; sourceTree = SDKROOT; };
		3EB3A1CD15573AC2009D41A6 /* WebToPng.h */ = {isa = PBXFileReference; fileEncoding = 4; lastKnownFileType = sourcecode.c.h; path = WebToPng.h; sourceTree = "<group>"; };
		3EB3A1CE15573AC2009D41A6 /* WebToPng.m */ = {isa = PBXFileReference; fileEncoding = 4; lastKnownFileType = sourcecode.c.objc; path = WebToPng.m; sourceTree = "<group>"; };
		3EFEA369152EE72800F85DD9 /* sitelighter.icns */ = {isa = PBXFileReference; lastKnownFileType = image.icns; path = sitelighter.icns; sourceTree = "<group>"; };
/* End PBXFileReference section */

/* Begin PBXFrameworksBuildPhase section */
		3E8B04F4150CF04B00E8EDFE /* Frameworks */ = {
			isa = PBXFrameworksBuildPhase;
			buildActionMask = 2147483647;
			files = (
				3EB3A1CC1557357C009D41A6 /* WebKit.framework in Frameworks */,
				3E8B04FC150CF04B00E8EDFE /* Cocoa.framework in Frameworks */,
			);
			runOnlyForDeploymentPostprocessing = 0;
		};
/* End PBXFrameworksBuildPhase section */

/* Begin PBXGroup section */
		3E8B04EC150CF04A00E8EDFE = {
			isa = PBXGroup;
			children = (
				3EFEA369152EE72800F85DD9 /* sitelighter.icns */,
				3E8B0501150CF04B00E8EDFE /* Site Lighter */,
				3E8B04FA150CF04B00E8EDFE /* Frameworks */,
				3E8B04F8150CF04B00E8EDFE /* Products */,
			);
			sourceTree = "<group>";
		};
		3E8B04F8150CF04B00E8EDFE /* Products */ = {
			isa = PBXGroup;
			children = (
				3E8B04F7150CF04B00E8EDFE /* Site Lighter.app */,
			);
			name = Products;
			sourceTree = "<group>";
		};
		3E8B04FA150CF04B00E8EDFE /* Frameworks */ = {
			isa = PBXGroup;
			children = (
				3E8B04FB150CF04B00E8EDFE /* Cocoa.framework */,
				3E8B04FD150CF04B00E8EDFE /* Other Frameworks */,
			);
			name = Frameworks;
			sourceTree = "<group>";
		};
		3E8B04FD150CF04B00E8EDFE /* Other Frameworks */ = {
			isa = PBXGroup;
			children = (
				3EB3A1CB1557357C009D41A6 /* WebKit.framework */,
				3E8B04FE150CF04B00E8EDFE /* AppKit.framework */,
				3E8B04FF150CF04B00E8EDFE /* CoreData.framework */,
				3E8B0500150CF04B00E8EDFE /* Foundation.framework */,
			);
			name = "Other Frameworks";
			sourceTree = "<group>";
		};
		3E8B0501150CF04B00E8EDFE /* Site Lighter */ = {
			isa = PBXGroup;
			children = (
				3EB3A1A0155699AC009D41A6 /* plugins */,
				3EB3A19C1556992D009D41A6 /* RubyHelpers */,
				3E8B0525150CF26000E8EDFE /* Views */,
				3E8B0524150CF24100E8EDFE /* Classes */,
				3E0480EC152ED7E500635F1F /* Site_Lighter.xcdatamodeld */,
				3E8B0502150CF04B00E8EDFE /* Supporting Files */,
			);
			path = "Site Lighter";
			sourceTree = "<group>";
		};
		3E8B0502150CF04B00E8EDFE /* Supporting Files */ = {
			isa = PBXGroup;
			children = (
				3E32A404152EE1DD003890C9 /* Play.tiff */,
				3E32A3FE152EE12D003890C9 /* LinkBack.tiff */,
				3E32A3FC152EE0FC003890C9 /* minus-8.png */,
				3E32A3FA152EE0F5003890C9 /* plus-8.png */,
				3E32A3F8152EE0E6003890C9 /* Linkback Green.tiff */,
				3E32A3F6152EE0D9003890C9 /* Green Ball.tiff */,
				3E8B051B150CF08C00E8EDFE /* TODO.txt */,
				3E8B0503150CF04B00E8EDFE /* Site Lighter-Info.plist */,
				3E8B0504150CF04B00E8EDFE /* InfoPlist.strings */,
				3E8B0507150CF04B00E8EDFE /* main.m */,
				3E8B0509150CF04B00E8EDFE /* Site Lighter-Prefix.pch */,
				3E8B050A150CF04B00E8EDFE /* Credits.rtf */,
			);
			name = "Supporting Files";
			sourceTree = "<group>";
		};
		3E8B0524150CF24100E8EDFE /* Classes */ = {
			isa = PBXGroup;
			children = (
				3EB3A1B615571580009D41A6 /* PreferencesController.h */,
				3EB3A1B715571581009D41A6 /* PreferencesController.m */,
				3E8B050D150CF04B00E8EDFE /* AppDelegate.h */,
				3E8B050E150CF04B00E8EDFE /* AppDelegate.m */,
				3E0D6F4715542F040039551B /* SLMainViewController.h */,
				3E0D6F4815542F040039551B /* SLMainViewController.m */,
				3EB3A1CD15573AC2009D41A6 /* WebToPng.h */,
				3EB3A1CE15573AC2009D41A6 /* WebToPng.m */,
				3E32A3EC152EDA74003890C9 /* SLSite.h */,
				3E32A3ED152EDA74003890C9 /* SLSite.m */,
			);
			name = Classes;
			sourceTree = "<group>";
		};
		3E8B0525150CF26000E8EDFE /* Views */ = {
			isa = PBXGroup;
			children = (
				3EB3A1B515571580009D41A6 /* Preferences.xib */,
				3E8B0510150CF04B00E8EDFE /* MainMenu.xib */,
			);
			name = Views;
			sourceTree = "<group>";
		};
		3EB3A19C1556992D009D41A6 /* RubyHelpers */ = {
			isa = PBXGroup;
			children = (
				3EB3A1A81556CB4F009D41A6 /* ftp_sync.rb */,
				3EB3A1A215569B3D009D41A6 /* sitelighterlibwrapper.rb */,
				3EB3A19E1556993E009D41A6 /* sitelighterlib.rb */,
			);
			name = RubyHelpers;
			sourceTree = "<group>";
		};
/* End PBXGroup section */

/* Begin PBXNativeTarget section */
		3E8B04F6150CF04B00E8EDFE /* Site Lighter */ = {
			isa = PBXNativeTarget;
			buildConfigurationList = 3E8B0518150CF04B00E8EDFE /* Build configuration list for PBXNativeTarget "Site Lighter" */;
			buildPhases = (
				3E8B04F3150CF04B00E8EDFE /* Sources */,
				3E8B04F4150CF04B00E8EDFE /* Frameworks */,
				3E8B04F5150CF04B00E8EDFE /* Resources */,
				3EC6165E1555868000957FD9 /* CopyFiles */,
			);
			buildRules = (
			);
			dependencies = (
			);
			name = "Site Lighter";
			productName = "Site Lighter";
			productReference = 3E8B04F7150CF04B00E8EDFE /* Site Lighter.app */;
			productType = "com.apple.product-type.application";
		};
/* End PBXNativeTarget section */

/* Begin PBXProject section */
		3E8B04EE150CF04A00E8EDFE /* Project object */ = {
			isa = PBXProject;
			attributes = {
				LastUpgradeCheck = 0430;
				ORGANIZATIONNAME = "Lingewoud b.v.";
			};
			buildConfigurationList = 3E8B04F1150CF04A00E8EDFE /* Build configuration list for PBXProject "Site Lighter" */;
			compatibilityVersion = "Xcode 3.2";
			developmentRegion = English;
			hasScannedForEncodings = 0;
			knownRegions = (
				en,
			);
			mainGroup = 3E8B04EC150CF04A00E8EDFE;
			productRefGroup = 3E8B04F8150CF04B00E8EDFE /* Products */;
			projectDirPath = "";
			projectRoot = "";
			targets = (
				3E8B04F6150CF04B00E8EDFE /* Site Lighter */,
			);
		};
/* End PBXProject section */

/* Begin PBXResourcesBuildPhase section */
		3E8B04F5150CF04B00E8EDFE /* Resources */ = {
			isa = PBXResourcesBuildPhase;
			buildActionMask = 2147483647;
			files = (
				3E8B0506150CF04B00E8EDFE /* InfoPlist.strings in Resources */,
				3E8B050C150CF04B00E8EDFE /* Credits.rtf in Resources */,
				3E8B0512150CF04B00E8EDFE /* MainMenu.xib in Resources */,
				3E32A3F7152EE0D9003890C9 /* Green Ball.tiff in Resources */,
				3E32A3F9152EE0E6003890C9 /* Linkback Green.tiff in Resources */,
				3E32A3FB152EE0F5003890C9 /* plus-8.png in Resources */,
				3E32A3FD152EE0FC003890C9 /* minus-8.png in Resources */,
				3E32A3FF152EE12D003890C9 /* LinkBack.tiff in Resources */,
				3E32A405152EE1DD003890C9 /* Play.tiff in Resources */,
				3EFEA36A152EE72800F85DD9 /* sitelighter.icns in Resources */,
				3E8B051C150CF08C00E8EDFE /* TODO.txt in Resources */,
				3EB3A19F1556993E009D41A6 /* sitelighterlib.rb in Resources */,
				3EB3A1A1155699AC009D41A6 /* plugins in Resources */,
				3EB3A1A315569B3D009D41A6 /* sitelighterlibwrapper.rb in Resources */,
				3EB3A1A91556CB4F009D41A6 /* ftp_sync.rb in Resources */,
				3EB3A1B815571581009D41A6 /* Preferences.xib in Resources */,
			);
			runOnlyForDeploymentPostprocessing = 0;
		};
/* End PBXResourcesBuildPhase section */

/* Begin PBXSourcesBuildPhase section */
		3E8B04F3150CF04B00E8EDFE /* Sources */ = {
			isa = PBXSourcesBuildPhase;
			buildActionMask = 2147483647;
			files = (
				3E8B0508150CF04B00E8EDFE /* main.m in Sources */,
				3E8B050F150CF04B00E8EDFE /* AppDelegate.m in Sources */,
				3E0480EF152ED7E500635F1F /* Site_Lighter.xcdatamodeld in Sources */,
				3E32A3EE152EDA74003890C9 /* SLSite.m in Sources */,
				3E0D6F4915542F040039551B /* SLMainViewController.m in Sources */,
				3EB3A1B915571581009D41A6 /* PreferencesController.m in Sources */,
				3EB3A1CF15573AC2009D41A6 /* WebToPng.m in Sources */,
			);
			runOnlyForDeploymentPostprocessing = 0;
		};
/* End PBXSourcesBuildPhase section */

/* Begin PBXVariantGroup section */
		3E8B0504150CF04B00E8EDFE /* InfoPlist.strings */ = {
			isa = PBXVariantGroup;
			children = (
				3E8B0505150CF04B00E8EDFE /* en */,
			);
			name = InfoPlist.strings;
			sourceTree = "<group>";
		};
		3E8B050A150CF04B00E8EDFE /* Credits.rtf */ = {
			isa = PBXVariantGroup;
			children = (
				3E8B050B150CF04B00E8EDFE /* en */,
			);
			name = Credits.rtf;
			sourceTree = "<group>";
		};
		3E8B0510150CF04B00E8EDFE /* MainMenu.xib */ = {
			isa = PBXVariantGroup;
			children = (
				3E8B0511150CF04B00E8EDFE /* en */,
			);
			name = MainMenu.xib;
			sourceTree = "<group>";
		};
/* End PBXVariantGroup section */

/* Begin XCBuildConfiguration section */
		3E8B0516150CF04B00E8EDFE /* Debug */ = {
			isa = XCBuildConfiguration;
			buildSettings = {
				ALWAYS_SEARCH_USER_PATHS = NO;
				ARCHS = "$(NATIVE_ARCH_ACTUAL)";
				COPY_PHASE_STRIP = NO;
				GCC_C_LANGUAGE_STANDARD = gnu99;
				GCC_DYNAMIC_NO_PIC = NO;
				GCC_ENABLE_OBJC_EXCEPTIONS = YES;
				GCC_OPTIMIZATION_LEVEL = 0;
				GCC_PREPROCESSOR_DEFINITIONS = (
					"DEBUG=1",
					"$(inherited)",
				);
				GCC_SYMBOLS_PRIVATE_EXTERN = NO;
				GCC_VERSION = com.apple.compilers.llvm.clang.1_0;
				GCC_WARN_64_TO_32_BIT_CONVERSION = YES;
				GCC_WARN_ABOUT_RETURN_TYPE = YES;
				GCC_WARN_UNINITIALIZED_AUTOS = YES;
				GCC_WARN_UNUSED_VARIABLE = YES;
				MACOSX_DEPLOYMENT_TARGET = 10.5;
				ONLY_ACTIVE_ARCH = YES;
				SDKROOT = macosx;
			};
			name = Debug;
		};
		3E8B0517150CF04B00E8EDFE /* Release */ = {
			isa = XCBuildConfiguration;
			buildSettings = {
				ALWAYS_SEARCH_USER_PATHS = NO;
				ARCHS = "$(NATIVE_ARCH_ACTUAL)";
				COPY_PHASE_STRIP = YES;
				DEBUG_INFORMATION_FORMAT = "dwarf-with-dsym";
				GCC_C_LANGUAGE_STANDARD = gnu99;
				GCC_ENABLE_OBJC_EXCEPTIONS = YES;
				GCC_VERSION = com.apple.compilers.llvm.clang.1_0;
				GCC_WARN_64_TO_32_BIT_CONVERSION = YES;
				GCC_WARN_ABOUT_RETURN_TYPE = YES;
				GCC_WARN_UNINITIALIZED_AUTOS = YES;
				GCC_WARN_UNUSED_VARIABLE = YES;
				MACOSX_DEPLOYMENT_TARGET = 10.5;
				SDKROOT = macosx;
			};
			name = Release;
		};
		3E8B0519150CF04B00E8EDFE /* Debug */ = {
			isa = XCBuildConfiguration;
			buildSettings = {
				FRAMEWORK_SEARCH_PATHS = (
					"$(inherited)",
					"\"$(SRCROOT)\"",
					"\"$(SRCROOT)/Site Lighter\"",
				);
				GCC_PRECOMPILE_PREFIX_HEADER = YES;
				GCC_PREFIX_HEADER = "Site Lighter/Site Lighter-Prefix.pch";
				INFOPLIST_FILE = "Site Lighter/Site Lighter-Info.plist";
				LIBRARY_SEARCH_PATHS = (
					"$(inherited)",
					"\"$(SRCROOT)\"",
				);
				PRODUCT_NAME = "$(TARGET_NAME)";
				WRAPPER_EXTENSION = app;
			};
			name = Debug;
		};
		3E8B051A150CF04B00E8EDFE /* Release */ = {
			isa = XCBuildConfiguration;
			buildSettings = {
				FRAMEWORK_SEARCH_PATHS = (
					"$(inherited)",
					"\"$(SRCROOT)\"",
					"\"$(SRCROOT)/Site Lighter\"",
				);
				GCC_PRECOMPILE_PREFIX_HEADER = YES;
				GCC_PREFIX_HEADER = "Site Lighter/Site Lighter-Prefix.pch";
				INFOPLIST_FILE = "Site Lighter/Site Lighter-Info.plist";
				LIBRARY_SEARCH_PATHS = (
					"$(inherited)",
					"\"$(SRCROOT)\"",
				);
				PRODUCT_NAME = "$(TARGET_NAME)";
				WRAPPER_EXTENSION = app;
			};
			name = Release;
		};
/* End XCBuildConfiguration section */

/* Begin XCConfigurationList section */
		3E8B04F1150CF04A00E8EDFE /* Build configuration list for PBXProject "Site Lighter" */ = {
			isa = XCConfigurationList;
			buildConfigurations = (
				3E8B0516150CF04B00E8EDFE /* Debug */,
				3E8B0517150CF04B00E8EDFE /* Release */,
			);
			defaultConfigurationIsVisible = 0;
			defaultConfigurationName = Release;
		};
		3E8B0518150CF04B00E8EDFE /* Build configuration list for PBXNativeTarget "Site Lighter" */ = {
			isa = XCConfigurationList;
			buildConfigurations = (
				3E8B0519150CF04B00E8EDFE /* Debug */,
				3E8B051A150CF04B00E8EDFE /* Release */,
			);
			defaultConfigurationIsVisible = 0;
			defaultConfigurationName = Release;
		};
/* End XCConfigurationList section */

/* Begin XCVersionGroup section */
		3E0480EC152ED7E500635F1F /* Site_Lighter.xcdatamodeld */ = {
			isa = XCVersionGroup;
			children = (
				3E0480ED152ED7E500635F1F /* Site_Lighter 2.xcdatamodel */,
				3E0480EE152ED7E500635F1F /* Site_Lighter.xcdatamodel */,
			);
			currentVersion = 3E0480ED152ED7E500635F1F /* Site_Lighter 2.xcdatamodel */;
			name = Site_Lighter.xcdatamodeld;
			path = ../Site_Lighter.xcdatamodeld;
			sourceTree = "<group>";
			versionGroupType = wrapper.xcdatamodel;
		};
/* End XCVersionGroup section */
	};
	rootObject = 3E8B04EE150CF04A00E8EDFE /* Project object */;
}
